// !$*UTF8*$!
{
	archiveVersion = 1;
	classes = {
	};
	objectVersion = 56;
	objects = {

/* Begin PBXBuildFile section */
		CC6624082A8E8FA000DFAFA6 /* SearchBar.swift in Sources */ = {isa = PBXBuildFile; fileRef = CC6624072A8E8FA000DFAFA6 /* SearchBar.swift */; };
		CC66240B2A8EB21400DFAFA6 /* TabRow.swift in Sources */ = {isa = PBXBuildFile; fileRef = CC66240A2A8EB21400DFAFA6 /* TabRow.swift */; };
		CC78558B2A9E7190002EE480 /* CustomNavigationBackButton.swift in Sources */ = {isa = PBXBuildFile; fileRef = CC78558A2A9E7190002EE480 /* CustomNavigationBackButton.swift */; };
		CC792E592A8AB065008771F2 /* ProfileCardView.swift in Sources */ = {isa = PBXBuildFile; fileRef = CC792E582A8AB065008771F2 /* ProfileCardView.swift */; };
		CC7ABC332A685FC7005EB971 /* AupiAppApp.swift in Sources */ = {isa = PBXBuildFile; fileRef = CC7ABC322A685FC7005EB971 /* AupiAppApp.swift */; };
		CC7ABC352A685FC7005EB971 /* ContentView.swift in Sources */ = {isa = PBXBuildFile; fileRef = CC7ABC342A685FC7005EB971 /* ContentView.swift */; };
		CC7ABC372A685FCA005EB971 /* Assets.xcassets in Resources */ = {isa = PBXBuildFile; fileRef = CC7ABC362A685FCA005EB971 /* Assets.xcassets */; };
		CC7ABC3B2A685FCA005EB971 /* Preview Assets.xcassets in Resources */ = {isa = PBXBuildFile; fileRef = CC7ABC3A2A685FCA005EB971 /* Preview Assets.xcassets */; };
		CC7ABC452A685FCA005EB971 /* AupiAppTests.swift in Sources */ = {isa = PBXBuildFile; fileRef = CC7ABC442A685FCA005EB971 /* AupiAppTests.swift */; };
		CC7ABC4F2A685FCA005EB971 /* AupiAppUITests.swift in Sources */ = {isa = PBXBuildFile; fileRef = CC7ABC4E2A685FCA005EB971 /* AupiAppUITests.swift */; };
		CC7ABC512A685FCA005EB971 /* AupiAppUITestsLaunchTests.swift in Sources */ = {isa = PBXBuildFile; fileRef = CC7ABC502A685FCA005EB971 /* AupiAppUITestsLaunchTests.swift */; };
		CC7ABC5E2A686053005EB971 /* GoogleService-Info.plist in Resources */ = {isa = PBXBuildFile; fileRef = CC7ABC5D2A686053005EB971 /* GoogleService-Info.plist */; };
		CC7ABC6E2A686188005EB971 /* SignInView.swift in Sources */ = {isa = PBXBuildFile; fileRef = CC7ABC6D2A686188005EB971 /* SignInView.swift */; };
		CC7ABC702A686192005EB971 /* RegisterView.swift in Sources */ = {isa = PBXBuildFile; fileRef = CC7ABC6F2A686192005EB971 /* RegisterView.swift */; };
		CC7ABC722A68619D005EB971 /* ProfileView.swift in Sources */ = {isa = PBXBuildFile; fileRef = CC7ABC712A68619D005EB971 /* ProfileView.swift */; };
		CC7ABC752A6861B0005EB971 /* HomeView.swift in Sources */ = {isa = PBXBuildFile; fileRef = CC7ABC742A6861B0005EB971 /* HomeView.swift */; };
		CC7ABC772A6861BE005EB971 /* ChatLandingView.swift in Sources */ = {isa = PBXBuildFile; fileRef = CC7ABC762A6861BE005EB971 /* ChatLandingView.swift */; };
		CC7ABC7A2A6861E2005EB971 /* LandingView.swift in Sources */ = {isa = PBXBuildFile; fileRef = CC7ABC792A6861E2005EB971 /* LandingView.swift */; };
		CC7ABC7D2A68622C005EB971 /* AuthenticationViewModel.swift in Sources */ = {isa = PBXBuildFile; fileRef = CC7ABC7C2A68622C005EB971 /* AuthenticationViewModel.swift */; };
		CC7ABC802A686249005EB971 /* User.swift in Sources */ = {isa = PBXBuildFile; fileRef = CC7ABC7F2A686249005EB971 /* User.swift */; };
		CC7ABC832A68633E005EB971 /* FirebaseAuth in Frameworks */ = {isa = PBXBuildFile; productRef = CC7ABC822A68633E005EB971 /* FirebaseAuth */; };
		CC7ABC852A68633E005EB971 /* FirebaseDatabase in Frameworks */ = {isa = PBXBuildFile; productRef = CC7ABC842A68633E005EB971 /* FirebaseDatabase */; };
		CC7ABC872A68633E005EB971 /* FirebaseDatabaseSwift in Frameworks */ = {isa = PBXBuildFile; productRef = CC7ABC862A68633E005EB971 /* FirebaseDatabaseSwift */; };
		CC7ABC892A68633E005EB971 /* FirebaseFirestore in Frameworks */ = {isa = PBXBuildFile; productRef = CC7ABC882A68633E005EB971 /* FirebaseFirestore */; };
		CC7ABC8B2A68633E005EB971 /* FirebaseFirestoreSwift in Frameworks */ = {isa = PBXBuildFile; productRef = CC7ABC8A2A68633E005EB971 /* FirebaseFirestoreSwift */; };
		CC7ABC8D2A68633E005EB971 /* FirebaseInAppMessaging-Beta in Frameworks */ = {isa = PBXBuildFile; productRef = CC7ABC8C2A68633E005EB971 /* FirebaseInAppMessaging-Beta */; };
		CC7ABC8F2A68633E005EB971 /* FirebaseInAppMessagingSwift-Beta in Frameworks */ = {isa = PBXBuildFile; productRef = CC7ABC8E2A68633E005EB971 /* FirebaseInAppMessagingSwift-Beta */; };
		CC7ABC912A68633E005EB971 /* FirebaseMessaging in Frameworks */ = {isa = PBXBuildFile; productRef = CC7ABC902A68633E005EB971 /* FirebaseMessaging */; };
		CC7ABC932A68633E005EB971 /* FirebaseStorage in Frameworks */ = {isa = PBXBuildFile; productRef = CC7ABC922A68633E005EB971 /* FirebaseStorage */; };
		CC7ABC9C2A6869C1005EB971 /* User+Extensions.swift in Sources */ = {isa = PBXBuildFile; fileRef = CC7ABC9B2A6869C1005EB971 /* User+Extensions.swift */; };
		CC7ABCA32A686CE6005EB971 /* Nunito-Bold.ttf in Resources */ = {isa = PBXBuildFile; fileRef = CC7ABC9D2A686CE5005EB971 /* Nunito-Bold.ttf */; };
		CC7ABCA42A686CE6005EB971 /* Nunito-Regular.ttf in Resources */ = {isa = PBXBuildFile; fileRef = CC7ABC9E2A686CE5005EB971 /* Nunito-Regular.ttf */; };
		CC7ABCA52A686CE6005EB971 /* Nunito-Medium.ttf in Resources */ = {isa = PBXBuildFile; fileRef = CC7ABC9F2A686CE5005EB971 /* Nunito-Medium.ttf */; };
		CC7ABCA62A686CE6005EB971 /* Nunito-SemiBold.ttf in Resources */ = {isa = PBXBuildFile; fileRef = CC7ABCA02A686CE5005EB971 /* Nunito-SemiBold.ttf */; };
		CC7ABCA72A686CE6005EB971 /* Typography.swift in Sources */ = {isa = PBXBuildFile; fileRef = CC7ABCA12A686CE5005EB971 /* Typography.swift */; };
		CC7ABCA82A686CE6005EB971 /* Colors.swift in Sources */ = {isa = PBXBuildFile; fileRef = CC7ABCA22A686CE6005EB971 /* Colors.swift */; };
		CC7ABCAA2A686D0C005EB971 /* UIColor+Extensions.swift in Sources */ = {isa = PBXBuildFile; fileRef = CC7ABCA92A686D0C005EB971 /* UIColor+Extensions.swift */; };
		CC7ABCAC2A686D25005EB971 /* Coordinator.swift in Sources */ = {isa = PBXBuildFile; fileRef = CC7ABCAB2A686D25005EB971 /* Coordinator.swift */; };
		CC7EB9372A8BFD7C00461665 /* AppTabController.swift in Sources */ = {isa = PBXBuildFile; fileRef = CC7EB9362A8BFD7C00461665 /* AppTabController.swift */; };
		CC7EB9392A8C01C100461665 /* HomeCoordinator.swift in Sources */ = {isa = PBXBuildFile; fileRef = CC7EB9382A8C01C100461665 /* HomeCoordinator.swift */; };
		CC7EB93B2A8C02BD00461665 /* ChatCoordinator.swift in Sources */ = {isa = PBXBuildFile; fileRef = CC7EB93A2A8C02BD00461665 /* ChatCoordinator.swift */; };
		CC7EB93D2A8C02E700461665 /* ProfileCoordinator.swift in Sources */ = {isa = PBXBuildFile; fileRef = CC7EB93C2A8C02E700461665 /* ProfileCoordinator.swift */; };
		CC8F55472AAA59EF00C6918C /* SettingsView.swift in Sources */ = {isa = PBXBuildFile; fileRef = CC8F55462AAA59EF00C6918C /* SettingsView.swift */; };
		CC8F554C2AAA615400C6918C /* ImagePicker.swift in Sources */ = {isa = PBXBuildFile; fileRef = CC8F554B2AAA615400C6918C /* ImagePicker.swift */; };
		CC8F554F2AAA69C200C6918C /* Kingfisher in Frameworks */ = {isa = PBXBuildFile; productRef = CC8F554E2AAA69C200C6918C /* Kingfisher */; };
		CC8F9B362A85696E003847DD /* TwoButtonDialogBox.swift in Sources */ = {isa = PBXBuildFile; fileRef = CC8F9B352A85696E003847DD /* TwoButtonDialogBox.swift */; };
		CC8F9B382A856CB2003847DD /* ModalContainer.swift in Sources */ = {isa = PBXBuildFile; fileRef = CC8F9B372A856CB2003847DD /* ModalContainer.swift */; };
		CC8F9B3A2A856CDD003847DD /* OneButtonDialog.swift in Sources */ = {isa = PBXBuildFile; fileRef = CC8F9B392A856CDD003847DD /* OneButtonDialog.swift */; };
		CCA8D9A02A6EFDD700DB9451 /* DefaultTextInput.swift in Sources */ = {isa = PBXBuildFile; fileRef = CCA8D99F2A6EFDD700DB9451 /* DefaultTextInput.swift */; };
		CCA8D9A32A6F049000DB9451 /* TextInputRules.swift in Sources */ = {isa = PBXBuildFile; fileRef = CCA8D9A22A6F049000DB9451 /* TextInputRules.swift */; };
		CCA8D9A52A6F051300DB9451 /* String+Extentions.swift in Sources */ = {isa = PBXBuildFile; fileRef = CCA8D9A42A6F051300DB9451 /* String+Extentions.swift */; };
		CCA8D9A92A6F085F00DB9451 /* ButtonStyle.swift in Sources */ = {isa = PBXBuildFile; fileRef = CCA8D9A82A6F085F00DB9451 /* ButtonStyle.swift */; };
		CCA8D9AC2A6F089100DB9451 /* Checkbox.swift in Sources */ = {isa = PBXBuildFile; fileRef = CCA8D9AB2A6F089100DB9451 /* Checkbox.swift */; };
		CCA8D9AF2A6F089200DB9451 /* RoundedCorners.swift in Sources */ = {isa = PBXBuildFile; fileRef = CCA8D9AE2A6F089100DB9451 /* RoundedCorners.swift */; };
		CCA98B952A9D1A27003CCF97 /* PublicProfileView.swift in Sources */ = {isa = PBXBuildFile; fileRef = CCA98B942A9D1A27003CCF97 /* PublicProfileView.swift */; };
		CCA98B982A9D1CAD003CCF97 /* SettingsRowView.swift in Sources */ = {isa = PBXBuildFile; fileRef = CCA98B972A9D1CAD003CCF97 /* SettingsRowView.swift */; };
/* End PBXBuildFile section */

/* Begin PBXContainerItemProxy section */
		CC7ABC412A685FCA005EB971 /* PBXContainerItemProxy */ = {
			isa = PBXContainerItemProxy;
			containerPortal = CC7ABC272A685FC7005EB971 /* Project object */;
			proxyType = 1;
			remoteGlobalIDString = CC7ABC2E2A685FC7005EB971;
			remoteInfo = AupiApp;
		};
		CC7ABC4B2A685FCA005EB971 /* PBXContainerItemProxy */ = {
			isa = PBXContainerItemProxy;
			containerPortal = CC7ABC272A685FC7005EB971 /* Project object */;
			proxyType = 1;
			remoteGlobalIDString = CC7ABC2E2A685FC7005EB971;
			remoteInfo = AupiApp;
		};
/* End PBXContainerItemProxy section */

/* Begin PBXFileReference section */
		CC6624072A8E8FA000DFAFA6 /* SearchBar.swift */ = {isa = PBXFileReference; lastKnownFileType = sourcecode.swift; path = SearchBar.swift; sourceTree = "<group>"; };
		CC66240A2A8EB21400DFAFA6 /* TabRow.swift */ = {isa = PBXFileReference; lastKnownFileType = sourcecode.swift; path = TabRow.swift; sourceTree = "<group>"; };
		CC78558A2A9E7190002EE480 /* CustomNavigationBackButton.swift */ = {isa = PBXFileReference; lastKnownFileType = sourcecode.swift; path = CustomNavigationBackButton.swift; sourceTree = "<group>"; };
		CC792E582A8AB065008771F2 /* ProfileCardView.swift */ = {isa = PBXFileReference; lastKnownFileType = sourcecode.swift; path = ProfileCardView.swift; sourceTree = "<group>"; };
		CC7ABC2F2A685FC7005EB971 /* AupiApp.app */ = {isa = PBXFileReference; explicitFileType = wrapper.application; includeInIndex = 0; path = AupiApp.app; sourceTree = BUILT_PRODUCTS_DIR; };
		CC7ABC322A685FC7005EB971 /* AupiAppApp.swift */ = {isa = PBXFileReference; lastKnownFileType = sourcecode.swift; path = AupiAppApp.swift; sourceTree = "<group>"; };
		CC7ABC342A685FC7005EB971 /* ContentView.swift */ = {isa = PBXFileReference; lastKnownFileType = sourcecode.swift; path = ContentView.swift; sourceTree = "<group>"; };
		CC7ABC362A685FCA005EB971 /* Assets.xcassets */ = {isa = PBXFileReference; lastKnownFileType = folder.assetcatalog; path = Assets.xcassets; sourceTree = "<group>"; };
		CC7ABC382A685FCA005EB971 /* AupiApp.entitlements */ = {isa = PBXFileReference; lastKnownFileType = text.plist.entitlements; path = AupiApp.entitlements; sourceTree = "<group>"; };
		CC7ABC3A2A685FCA005EB971 /* Preview Assets.xcassets */ = {isa = PBXFileReference; lastKnownFileType = folder.assetcatalog; path = "Preview Assets.xcassets"; sourceTree = "<group>"; };
		CC7ABC402A685FCA005EB971 /* AupiAppTests.xctest */ = {isa = PBXFileReference; explicitFileType = wrapper.cfbundle; includeInIndex = 0; path = AupiAppTests.xctest; sourceTree = BUILT_PRODUCTS_DIR; };
		CC7ABC442A685FCA005EB971 /* AupiAppTests.swift */ = {isa = PBXFileReference; lastKnownFileType = sourcecode.swift; path = AupiAppTests.swift; sourceTree = "<group>"; };
		CC7ABC4A2A685FCA005EB971 /* AupiAppUITests.xctest */ = {isa = PBXFileReference; explicitFileType = wrapper.cfbundle; includeInIndex = 0; path = AupiAppUITests.xctest; sourceTree = BUILT_PRODUCTS_DIR; };
		CC7ABC4E2A685FCA005EB971 /* AupiAppUITests.swift */ = {isa = PBXFileReference; lastKnownFileType = sourcecode.swift; path = AupiAppUITests.swift; sourceTree = "<group>"; };
		CC7ABC502A685FCA005EB971 /* AupiAppUITestsLaunchTests.swift */ = {isa = PBXFileReference; lastKnownFileType = sourcecode.swift; path = AupiAppUITestsLaunchTests.swift; sourceTree = "<group>"; };
		CC7ABC5D2A686053005EB971 /* GoogleService-Info.plist */ = {isa = PBXFileReference; fileEncoding = 4; lastKnownFileType = text.plist.xml; path = "GoogleService-Info.plist"; sourceTree = "<group>"; };
		CC7ABC6D2A686188005EB971 /* SignInView.swift */ = {isa = PBXFileReference; lastKnownFileType = sourcecode.swift; path = SignInView.swift; sourceTree = "<group>"; };
		CC7ABC6F2A686192005EB971 /* RegisterView.swift */ = {isa = PBXFileReference; lastKnownFileType = sourcecode.swift; path = RegisterView.swift; sourceTree = "<group>"; };
		CC7ABC712A68619D005EB971 /* ProfileView.swift */ = {isa = PBXFileReference; lastKnownFileType = sourcecode.swift; path = ProfileView.swift; sourceTree = "<group>"; };
		CC7ABC742A6861B0005EB971 /* HomeView.swift */ = {isa = PBXFileReference; lastKnownFileType = sourcecode.swift; path = HomeView.swift; sourceTree = "<group>"; };
		CC7ABC762A6861BE005EB971 /* ChatLandingView.swift */ = {isa = PBXFileReference; lastKnownFileType = sourcecode.swift; path = ChatLandingView.swift; sourceTree = "<group>"; };
		CC7ABC792A6861E2005EB971 /* LandingView.swift */ = {isa = PBXFileReference; lastKnownFileType = sourcecode.swift; path = LandingView.swift; sourceTree = "<group>"; };
		CC7ABC7C2A68622C005EB971 /* AuthenticationViewModel.swift */ = {isa = PBXFileReference; lastKnownFileType = sourcecode.swift; path = AuthenticationViewModel.swift; sourceTree = "<group>"; };
		CC7ABC7F2A686249005EB971 /* User.swift */ = {isa = PBXFileReference; lastKnownFileType = sourcecode.swift; path = User.swift; sourceTree = "<group>"; };
		CC7ABC9B2A6869C1005EB971 /* User+Extensions.swift */ = {isa = PBXFileReference; lastKnownFileType = sourcecode.swift; path = "User+Extensions.swift"; sourceTree = "<group>"; };
		CC7ABC9D2A686CE5005EB971 /* Nunito-Bold.ttf */ = {isa = PBXFileReference; lastKnownFileType = file; path = "Nunito-Bold.ttf"; sourceTree = "<group>"; };
		CC7ABC9E2A686CE5005EB971 /* Nunito-Regular.ttf */ = {isa = PBXFileReference; lastKnownFileType = file; path = "Nunito-Regular.ttf"; sourceTree = "<group>"; };
		CC7ABC9F2A686CE5005EB971 /* Nunito-Medium.ttf */ = {isa = PBXFileReference; lastKnownFileType = file; path = "Nunito-Medium.ttf"; sourceTree = "<group>"; };
		CC7ABCA02A686CE5005EB971 /* Nunito-SemiBold.ttf */ = {isa = PBXFileReference; lastKnownFileType = file; path = "Nunito-SemiBold.ttf"; sourceTree = "<group>"; };
		CC7ABCA12A686CE5005EB971 /* Typography.swift */ = {isa = PBXFileReference; fileEncoding = 4; lastKnownFileType = sourcecode.swift; path = Typography.swift; sourceTree = "<group>"; };
		CC7ABCA22A686CE6005EB971 /* Colors.swift */ = {isa = PBXFileReference; fileEncoding = 4; lastKnownFileType = sourcecode.swift; path = Colors.swift; sourceTree = "<group>"; };
		CC7ABCA92A686D0C005EB971 /* UIColor+Extensions.swift */ = {isa = PBXFileReference; fileEncoding = 4; lastKnownFileType = sourcecode.swift; path = "UIColor+Extensions.swift"; sourceTree = "<group>"; };
		CC7ABCAB2A686D25005EB971 /* Coordinator.swift */ = {isa = PBXFileReference; fileEncoding = 4; lastKnownFileType = sourcecode.swift; path = Coordinator.swift; sourceTree = "<group>"; };
		CC7ABCAD2A686FFD005EB971 /* Info.plist */ = {isa = PBXFileReference; lastKnownFileType = text.plist; path = Info.plist; sourceTree = "<group>"; };
		CC7EB9362A8BFD7C00461665 /* AppTabController.swift */ = {isa = PBXFileReference; lastKnownFileType = sourcecode.swift; path = AppTabController.swift; sourceTree = "<group>"; };
		CC7EB9382A8C01C100461665 /* HomeCoordinator.swift */ = {isa = PBXFileReference; lastKnownFileType = sourcecode.swift; path = HomeCoordinator.swift; sourceTree = "<group>"; };
		CC7EB93A2A8C02BD00461665 /* ChatCoordinator.swift */ = {isa = PBXFileReference; lastKnownFileType = sourcecode.swift; path = ChatCoordinator.swift; sourceTree = "<group>"; };
		CC7EB93C2A8C02E700461665 /* ProfileCoordinator.swift */ = {isa = PBXFileReference; lastKnownFileType = sourcecode.swift; path = ProfileCoordinator.swift; sourceTree = "<group>"; };
		CC8F55462AAA59EF00C6918C /* SettingsView.swift */ = {isa = PBXFileReference; lastKnownFileType = sourcecode.swift; path = SettingsView.swift; sourceTree = "<group>"; };
		CC8F554B2AAA615400C6918C /* ImagePicker.swift */ = {isa = PBXFileReference; lastKnownFileType = sourcecode.swift; path = ImagePicker.swift; sourceTree = "<group>"; };
		CC8F9B352A85696E003847DD /* TwoButtonDialogBox.swift */ = {isa = PBXFileReference; lastKnownFileType = sourcecode.swift; path = TwoButtonDialogBox.swift; sourceTree = "<group>"; };
		CC8F9B372A856CB2003847DD /* ModalContainer.swift */ = {isa = PBXFileReference; lastKnownFileType = sourcecode.swift; path = ModalContainer.swift; sourceTree = "<group>"; };
		CC8F9B392A856CDD003847DD /* OneButtonDialog.swift */ = {isa = PBXFileReference; lastKnownFileType = sourcecode.swift; path = OneButtonDialog.swift; sourceTree = "<group>"; };
		CCA8D99F2A6EFDD700DB9451 /* DefaultTextInput.swift */ = {isa = PBXFileReference; lastKnownFileType = sourcecode.swift; path = DefaultTextInput.swift; sourceTree = "<group>"; };
		CCA8D9A22A6F049000DB9451 /* TextInputRules.swift */ = {isa = PBXFileReference; lastKnownFileType = sourcecode.swift; path = TextInputRules.swift; sourceTree = "<group>"; };
		CCA8D9A42A6F051300DB9451 /* String+Extentions.swift */ = {isa = PBXFileReference; lastKnownFileType = sourcecode.swift; path = "String+Extentions.swift"; sourceTree = "<group>"; };
		CCA8D9A82A6F085F00DB9451 /* ButtonStyle.swift */ = {isa = PBXFileReference; fileEncoding = 4; lastKnownFileType = sourcecode.swift; path = ButtonStyle.swift; sourceTree = "<group>"; };
		CCA8D9AB2A6F089100DB9451 /* Checkbox.swift */ = {isa = PBXFileReference; fileEncoding = 4; lastKnownFileType = sourcecode.swift; path = Checkbox.swift; sourceTree = "<group>"; };
		CCA8D9AE2A6F089100DB9451 /* RoundedCorners.swift */ = {isa = PBXFileReference; fileEncoding = 4; lastKnownFileType = sourcecode.swift; path = RoundedCorners.swift; sourceTree = "<group>"; };
		CCA98B942A9D1A27003CCF97 /* PublicProfileView.swift */ = {isa = PBXFileReference; lastKnownFileType = sourcecode.swift; path = PublicProfileView.swift; sourceTree = "<group>"; };
		CCA98B972A9D1CAD003CCF97 /* SettingsRowView.swift */ = {isa = PBXFileReference; lastKnownFileType = sourcecode.swift; path = SettingsRowView.swift; sourceTree = "<group>"; };
/* End PBXFileReference section */

/* Begin PBXFrameworksBuildPhase section */
		CC7ABC2C2A685FC7005EB971 /* Frameworks */ = {
			isa = PBXFrameworksBuildPhase;
			buildActionMask = 2147483647;
			files = (
				CC7ABC912A68633E005EB971 /* FirebaseMessaging in Frameworks */,
				CC7ABC8B2A68633E005EB971 /* FirebaseFirestoreSwift in Frameworks */,
				CC7ABC932A68633E005EB971 /* FirebaseStorage in Frameworks */,
				CC7ABC872A68633E005EB971 /* FirebaseDatabaseSwift in Frameworks */,
				CC8F554F2AAA69C200C6918C /* Kingfisher in Frameworks */,
				CC7ABC8F2A68633E005EB971 /* FirebaseInAppMessagingSwift-Beta in Frameworks */,
				CC7ABC892A68633E005EB971 /* FirebaseFirestore in Frameworks */,
				CC7ABC852A68633E005EB971 /* FirebaseDatabase in Frameworks */,
				CC7ABC832A68633E005EB971 /* FirebaseAuth in Frameworks */,
				CC7ABC8D2A68633E005EB971 /* FirebaseInAppMessaging-Beta in Frameworks */,
			);
			runOnlyForDeploymentPostprocessing = 0;
		};
		CC7ABC3D2A685FCA005EB971 /* Frameworks */ = {
			isa = PBXFrameworksBuildPhase;
			buildActionMask = 2147483647;
			files = (
			);
			runOnlyForDeploymentPostprocessing = 0;
		};
		CC7ABC472A685FCA005EB971 /* Frameworks */ = {
			isa = PBXFrameworksBuildPhase;
			buildActionMask = 2147483647;
			files = (
			);
			runOnlyForDeploymentPostprocessing = 0;
		};
/* End PBXFrameworksBuildPhase section */

/* Begin PBXGroup section */
		CC6624062A8E8E5D00DFAFA6 /* SearchBar */ = {
			isa = PBXGroup;
			children = (
				CC6624072A8E8FA000DFAFA6 /* SearchBar.swift */,
			);
			path = SearchBar;
			sourceTree = "<group>";
		};
		CC6624092A8EB20000DFAFA6 /* TabBar */ = {
			isa = PBXGroup;
			children = (
				CC66240A2A8EB21400DFAFA6 /* TabRow.swift */,
			);
			path = TabBar;
			sourceTree = "<group>";
		};
		CC7855892A9E713B002EE480 /* CustomNavigationButton */ = {
			isa = PBXGroup;
			children = (
				CC78558A2A9E7190002EE480 /* CustomNavigationBackButton.swift */,
			);
			path = CustomNavigationButton;
			sourceTree = "<group>";
		};
		CC792E572A8AB044008771F2 /* ProfileCard */ = {
			isa = PBXGroup;
			children = (
				CC792E582A8AB065008771F2 /* ProfileCardView.swift */,
			);
			path = ProfileCard;
			sourceTree = "<group>";
		};
		CC7ABC262A685FC7005EB971 = {
			isa = PBXGroup;
			children = (
				CC7ABC312A685FC7005EB971 /* AupiApp */,
				CC7ABC5D2A686053005EB971 /* GoogleService-Info.plist */,
				CC7ABC432A685FCA005EB971 /* AupiAppTests */,
				CC7ABC4D2A685FCA005EB971 /* AupiAppUITests */,
				CC7ABC302A685FC7005EB971 /* Products */,
			);
			sourceTree = "<group>";
		};
		CC7ABC302A685FC7005EB971 /* Products */ = {
			isa = PBXGroup;
			children = (
				CC7ABC2F2A685FC7005EB971 /* AupiApp.app */,
				CC7ABC402A685FCA005EB971 /* AupiAppTests.xctest */,
				CC7ABC4A2A685FCA005EB971 /* AupiAppUITests.xctest */,
			);
			name = Products;
			sourceTree = "<group>";
		};
		CC7ABC312A685FC7005EB971 /* AupiApp */ = {
			isa = PBXGroup;
			children = (
				CCA8D9A12A6F047F00DB9451 /* Rules */,
				CC7ABC982A686831005EB971 /* Coordinator */,
				CC7ABC972A68682A005EB971 /* Extensions */,
				CC7ABC612A686093005EB971 /* App */,
				CC7ABC992A686839005EB971 /* Controls */,
				CC7ABC662A6860F4005EB971 /* Firebase */,
				CC7ABC652A6860D8005EB971 /* Model */,
				CC7ABC392A685FCA005EB971 /* Preview Content */,
				CC7ABC642A6860CA005EB971 /* Root */,
				CC7ABC9A2A68684F005EB971 /* Style */,
				CC7ABC5F2A686076005EB971 /* View */,
				CC7ABC962A68681D005EB971 /* ViewModel */,
				CC7ABCAD2A686FFD005EB971 /* Info.plist */,
				CC7ABC362A685FCA005EB971 /* Assets.xcassets */,
				CC7ABC382A685FCA005EB971 /* AupiApp.entitlements */,
			);
			path = AupiApp;
			sourceTree = "<group>";
		};
		CC7ABC392A685FCA005EB971 /* Preview Content */ = {
			isa = PBXGroup;
			children = (
				CC7ABC3A2A685FCA005EB971 /* Preview Assets.xcassets */,
			);
			path = "Preview Content";
			sourceTree = "<group>";
		};
		CC7ABC432A685FCA005EB971 /* AupiAppTests */ = {
			isa = PBXGroup;
			children = (
				CC7ABC442A685FCA005EB971 /* AupiAppTests.swift */,
			);
			path = AupiAppTests;
			sourceTree = "<group>";
		};
		CC7ABC4D2A685FCA005EB971 /* AupiAppUITests */ = {
			isa = PBXGroup;
			children = (
				CC7ABC4E2A685FCA005EB971 /* AupiAppUITests.swift */,
				CC7ABC502A685FCA005EB971 /* AupiAppUITestsLaunchTests.swift */,
			);
			path = AupiAppUITests;
			sourceTree = "<group>";
		};
		CC7ABC5F2A686076005EB971 /* View */ = {
			isa = PBXGroup;
			children = (
				CC7EB9352A8BFD6700461665 /* TabController */,
				CC7ABC6B2A68615F005EB971 /* Chat */,
				CC7ABC6A2A686156005EB971 /* Home */,
				CC7ABC6C2A686165005EB971 /* Profile */,
				CC7ABC692A686140005EB971 /* RegistrationProcess */,
			);
			path = View;
			sourceTree = "<group>";
		};
		CC7ABC612A686093005EB971 /* App */ = {
			isa = PBXGroup;
			children = (
				CC7ABC322A685FC7005EB971 /* AupiAppApp.swift */,
			);
			path = App;
			sourceTree = "<group>";
		};
		CC7ABC642A6860CA005EB971 /* Root */ = {
			isa = PBXGroup;
			children = (
				CC7ABC342A685FC7005EB971 /* ContentView.swift */,
			);
			path = Root;
			sourceTree = "<group>";
		};
		CC7ABC652A6860D8005EB971 /* Model */ = {
			isa = PBXGroup;
			children = (
				CC7ABC7E2A686240005EB971 /* User */,
			);
			path = Model;
			sourceTree = "<group>";
		};
		CC7ABC662A6860F4005EB971 /* Firebase */ = {
			isa = PBXGroup;
			children = (
				CC7ABC7B2A686205005EB971 /* Authentication */,
			);
			path = Firebase;
			sourceTree = "<group>";
		};
		CC7ABC692A686140005EB971 /* RegistrationProcess */ = {
			isa = PBXGroup;
			children = (
				CC7ABC6F2A686192005EB971 /* RegisterView.swift */,
				CC7ABC6D2A686188005EB971 /* SignInView.swift */,
				CC7ABC792A6861E2005EB971 /* LandingView.swift */,
			);
			path = RegistrationProcess;
			sourceTree = "<group>";
		};
		CC7ABC6A2A686156005EB971 /* Home */ = {
			isa = PBXGroup;
			children = (
				CC7ABC742A6861B0005EB971 /* HomeView.swift */,
				CCA98B942A9D1A27003CCF97 /* PublicProfileView.swift */,
			);
			path = Home;
			sourceTree = "<group>";
		};
		CC7ABC6B2A68615F005EB971 /* Chat */ = {
			isa = PBXGroup;
			children = (
				CC7ABC762A6861BE005EB971 /* ChatLandingView.swift */,
			);
			path = Chat;
			sourceTree = "<group>";
		};
		CC7ABC6C2A686165005EB971 /* Profile */ = {
			isa = PBXGroup;
			children = (
				CC7ABC712A68619D005EB971 /* ProfileView.swift */,
				CC8F55462AAA59EF00C6918C /* SettingsView.swift */,
			);
			path = Profile;
			sourceTree = "<group>";
		};
		CC7ABC7B2A686205005EB971 /* Authentication */ = {
			isa = PBXGroup;
			children = (
				CC7ABC7C2A68622C005EB971 /* AuthenticationViewModel.swift */,
			);
			path = Authentication;
			sourceTree = "<group>";
		};
		CC7ABC7E2A686240005EB971 /* User */ = {
			isa = PBXGroup;
			children = (
				CC7ABC7F2A686249005EB971 /* User.swift */,
			);
			path = User;
			sourceTree = "<group>";
		};
		CC7ABC962A68681D005EB971 /* ViewModel */ = {
			isa = PBXGroup;
			children = (
			);
			path = ViewModel;
			sourceTree = "<group>";
		};
		CC7ABC972A68682A005EB971 /* Extensions */ = {
			isa = PBXGroup;
			children = (
				CC7ABCA92A686D0C005EB971 /* UIColor+Extensions.swift */,
				CC7ABC9B2A6869C1005EB971 /* User+Extensions.swift */,
				CCA8D9A42A6F051300DB9451 /* String+Extentions.swift */,
			);
			path = Extensions;
			sourceTree = "<group>";
		};
		CC7ABC982A686831005EB971 /* Coordinator */ = {
			isa = PBXGroup;
			children = (
				CC7EB9342A8BFBB800461665 /* ProfileCoordinator */,
				CC7EB9332A8BFBA800461665 /* ChatCoordinator */,
				CC7EB9322A8BFB8B00461665 /* HomeCoordinator */,
				CC7ABCAB2A686D25005EB971 /* Coordinator.swift */,
			);
			path = Coordinator;
			sourceTree = "<group>";
		};
		CC7ABC992A686839005EB971 /* Controls */ = {
			isa = PBXGroup;
			children = (
				CC8F554A2AAA614700C6918C /* ImagePicker */,
				CCA98B962A9D1C97003CCF97 /* SettingsRow */,
				CC6624092A8EB20000DFAFA6 /* TabBar */,
				CC6624062A8E8E5D00DFAFA6 /* SearchBar */,
				CC792E572A8AB044008771F2 /* ProfileCard */,
				CC8F9B342A856954003847DD /* DialogBox */,
				CCA8D9AA2A6F089100DB9451 /* Checkbox */,
				CCA8D9AD2A6F089100DB9451 /* RoundedCorners */,
				CCA8D9A72A6F082000DB9451 /* Button */,
				CCA8D9A62A6F081500DB9451 /* TextInput */,
			);
			path = Controls;
			sourceTree = "<group>";
		};
		CC7ABC9A2A68684F005EB971 /* Style */ = {
			isa = PBXGroup;
			children = (
				CC7855892A9E713B002EE480 /* CustomNavigationButton */,
				CC7ABCA22A686CE6005EB971 /* Colors.swift */,
				CC7ABCA12A686CE5005EB971 /* Typography.swift */,
				CC7ABC9D2A686CE5005EB971 /* Nunito-Bold.ttf */,
				CC7ABC9F2A686CE5005EB971 /* Nunito-Medium.ttf */,
				CC7ABC9E2A686CE5005EB971 /* Nunito-Regular.ttf */,
				CC7ABCA02A686CE5005EB971 /* Nunito-SemiBold.ttf */,
			);
			path = Style;
			sourceTree = "<group>";
		};
		CC7EB9322A8BFB8B00461665 /* HomeCoordinator */ = {
			isa = PBXGroup;
			children = (
				CC7EB9382A8C01C100461665 /* HomeCoordinator.swift */,
			);
			path = HomeCoordinator;
			sourceTree = "<group>";
		};
		CC7EB9332A8BFBA800461665 /* ChatCoordinator */ = {
			isa = PBXGroup;
			children = (
				CC7EB93A2A8C02BD00461665 /* ChatCoordinator.swift */,
			);
			path = ChatCoordinator;
			sourceTree = "<group>";
		};
		CC7EB9342A8BFBB800461665 /* ProfileCoordinator */ = {
			isa = PBXGroup;
			children = (
				CC7EB93C2A8C02E700461665 /* ProfileCoordinator.swift */,
			);
			path = ProfileCoordinator;
			sourceTree = "<group>";
		};
		CC7EB9352A8BFD6700461665 /* TabController */ = {
			isa = PBXGroup;
			children = (
				CC7EB9362A8BFD7C00461665 /* AppTabController.swift */,
			);
			path = TabController;
			sourceTree = "<group>";
		};
		CC8F554A2AAA614700C6918C /* ImagePicker */ = {
			isa = PBXGroup;
			children = (
				CC8F554B2AAA615400C6918C /* ImagePicker.swift */,
			);
			path = ImagePicker;
			sourceTree = "<group>";
		};
		CC8F9B342A856954003847DD /* DialogBox */ = {
			isa = PBXGroup;
			children = (
				CC8F9B352A85696E003847DD /* TwoButtonDialogBox.swift */,
				CC8F9B372A856CB2003847DD /* ModalContainer.swift */,
				CC8F9B392A856CDD003847DD /* OneButtonDialog.swift */,
			);
			path = DialogBox;
			sourceTree = "<group>";
		};
		CCA8D9A12A6F047F00DB9451 /* Rules */ = {
			isa = PBXGroup;
			children = (
				CCA8D9A22A6F049000DB9451 /* TextInputRules.swift */,
			);
			path = Rules;
			sourceTree = "<group>";
		};
		CCA8D9A62A6F081500DB9451 /* TextInput */ = {
			isa = PBXGroup;
			children = (
				CCA8D99F2A6EFDD700DB9451 /* DefaultTextInput.swift */,
			);
			path = TextInput;
			sourceTree = "<group>";
		};
		CCA8D9A72A6F082000DB9451 /* Button */ = {
			isa = PBXGroup;
			children = (
				CCA8D9A82A6F085F00DB9451 /* ButtonStyle.swift */,
			);
			path = Button;
			sourceTree = "<group>";
		};
		CCA8D9AA2A6F089100DB9451 /* Checkbox */ = {
			isa = PBXGroup;
			children = (
				CCA8D9AB2A6F089100DB9451 /* Checkbox.swift */,
			);
			path = Checkbox;
			sourceTree = "<group>";
		};
		CCA8D9AD2A6F089100DB9451 /* RoundedCorners */ = {
			isa = PBXGroup;
			children = (
				CCA8D9AE2A6F089100DB9451 /* RoundedCorners.swift */,
			);
			path = RoundedCorners;
			sourceTree = "<group>";
		};
		CCA98B962A9D1C97003CCF97 /* SettingsRow */ = {
			isa = PBXGroup;
			children = (
				CCA98B972A9D1CAD003CCF97 /* SettingsRowView.swift */,
			);
			path = SettingsRow;
			sourceTree = "<group>";
		};
/* End PBXGroup section */

/* Begin PBXNativeTarget section */
		CC7ABC2E2A685FC7005EB971 /* AupiApp */ = {
			isa = PBXNativeTarget;
			buildConfigurationList = CC7ABC542A685FCA005EB971 /* Build configuration list for PBXNativeTarget "AupiApp" */;
			buildPhases = (
				CC7ABC2B2A685FC7005EB971 /* Sources */,
				CC7ABC2C2A685FC7005EB971 /* Frameworks */,
				CC7ABC2D2A685FC7005EB971 /* Resources */,
			);
			buildRules = (
			);
			dependencies = (
			);
			name = AupiApp;
			packageProductDependencies = (
				CC7ABC822A68633E005EB971 /* FirebaseAuth */,
				CC7ABC842A68633E005EB971 /* FirebaseDatabase */,
				CC7ABC862A68633E005EB971 /* FirebaseDatabaseSwift */,
				CC7ABC882A68633E005EB971 /* FirebaseFirestore */,
				CC7ABC8A2A68633E005EB971 /* FirebaseFirestoreSwift */,
				CC7ABC8C2A68633E005EB971 /* FirebaseInAppMessaging-Beta */,
				CC7ABC8E2A68633E005EB971 /* FirebaseInAppMessagingSwift-Beta */,
				CC7ABC902A68633E005EB971 /* FirebaseMessaging */,
				CC7ABC922A68633E005EB971 /* FirebaseStorage */,
				CC8F554E2AAA69C200C6918C /* Kingfisher */,
			);
			productName = AupiApp;
			productReference = CC7ABC2F2A685FC7005EB971 /* AupiApp.app */;
			productType = "com.apple.product-type.application";
		};
		CC7ABC3F2A685FCA005EB971 /* AupiAppTests */ = {
			isa = PBXNativeTarget;
			buildConfigurationList = CC7ABC572A685FCA005EB971 /* Build configuration list for PBXNativeTarget "AupiAppTests" */;
			buildPhases = (
				CC7ABC3C2A685FCA005EB971 /* Sources */,
				CC7ABC3D2A685FCA005EB971 /* Frameworks */,
				CC7ABC3E2A685FCA005EB971 /* Resources */,
			);
			buildRules = (
			);
			dependencies = (
				CC7ABC422A685FCA005EB971 /* PBXTargetDependency */,
			);
			name = AupiAppTests;
			productName = AupiAppTests;
			productReference = CC7ABC402A685FCA005EB971 /* AupiAppTests.xctest */;
			productType = "com.apple.product-type.bundle.unit-test";
		};
		CC7ABC492A685FCA005EB971 /* AupiAppUITests */ = {
			isa = PBXNativeTarget;
			buildConfigurationList = CC7ABC5A2A685FCA005EB971 /* Build configuration list for PBXNativeTarget "AupiAppUITests" */;
			buildPhases = (
				CC7ABC462A685FCA005EB971 /* Sources */,
				CC7ABC472A685FCA005EB971 /* Frameworks */,
				CC7ABC482A685FCA005EB971 /* Resources */,
			);
			buildRules = (
			);
			dependencies = (
				CC7ABC4C2A685FCA005EB971 /* PBXTargetDependency */,
			);
			name = AupiAppUITests;
			productName = AupiAppUITests;
			productReference = CC7ABC4A2A685FCA005EB971 /* AupiAppUITests.xctest */;
			productType = "com.apple.product-type.bundle.ui-testing";
		};
/* End PBXNativeTarget section */

/* Begin PBXProject section */
		CC7ABC272A685FC7005EB971 /* Project object */ = {
			isa = PBXProject;
			attributes = {
				BuildIndependentTargetsInParallel = 1;
				LastSwiftUpdateCheck = 1420;
				LastUpgradeCheck = 1420;
				TargetAttributes = {
					CC7ABC2E2A685FC7005EB971 = {
						CreatedOnToolsVersion = 14.2;
					};
					CC7ABC3F2A685FCA005EB971 = {
						CreatedOnToolsVersion = 14.2;
						TestTargetID = CC7ABC2E2A685FC7005EB971;
					};
					CC7ABC492A685FCA005EB971 = {
						CreatedOnToolsVersion = 14.2;
						TestTargetID = CC7ABC2E2A685FC7005EB971;
					};
				};
			};
			buildConfigurationList = CC7ABC2A2A685FC7005EB971 /* Build configuration list for PBXProject "AupiApp" */;
			compatibilityVersion = "Xcode 14.0";
			developmentRegion = en;
			hasScannedForEncodings = 0;
			knownRegions = (
				en,
				Base,
			);
			mainGroup = CC7ABC262A685FC7005EB971;
			packageReferences = (
				CC7ABC812A68633E005EB971 /* XCRemoteSwiftPackageReference "firebase-ios-sdk" */,
				CC8F554D2AAA69C100C6918C /* XCRemoteSwiftPackageReference "Kingfisher" */,
			);
			productRefGroup = CC7ABC302A685FC7005EB971 /* Products */;
			projectDirPath = "";
			projectRoot = "";
			targets = (
				CC7ABC2E2A685FC7005EB971 /* AupiApp */,
				CC7ABC3F2A685FCA005EB971 /* AupiAppTests */,
				CC7ABC492A685FCA005EB971 /* AupiAppUITests */,
			);
		};
/* End PBXProject section */

/* Begin PBXResourcesBuildPhase section */
		CC7ABC2D2A685FC7005EB971 /* Resources */ = {
			isa = PBXResourcesBuildPhase;
			buildActionMask = 2147483647;
			files = (
				CC7ABCA62A686CE6005EB971 /* Nunito-SemiBold.ttf in Resources */,
				CC7ABCA42A686CE6005EB971 /* Nunito-Regular.ttf in Resources */,
				CC7ABC3B2A685FCA005EB971 /* Preview Assets.xcassets in Resources */,
				CC7ABCA52A686CE6005EB971 /* Nunito-Medium.ttf in Resources */,
				CC7ABC5E2A686053005EB971 /* GoogleService-Info.plist in Resources */,
				CC7ABCA32A686CE6005EB971 /* Nunito-Bold.ttf in Resources */,
				CC7ABC372A685FCA005EB971 /* Assets.xcassets in Resources */,
			);
			runOnlyForDeploymentPostprocessing = 0;
		};
		CC7ABC3E2A685FCA005EB971 /* Resources */ = {
			isa = PBXResourcesBuildPhase;
			buildActionMask = 2147483647;
			files = (
			);
			runOnlyForDeploymentPostprocessing = 0;
		};
		CC7ABC482A685FCA005EB971 /* Resources */ = {
			isa = PBXResourcesBuildPhase;
			buildActionMask = 2147483647;
			files = (
			);
			runOnlyForDeploymentPostprocessing = 0;
		};
/* End PBXResourcesBuildPhase section */

/* Begin PBXSourcesBuildPhase section */
		CC7ABC2B2A685FC7005EB971 /* Sources */ = {
			isa = PBXSourcesBuildPhase;
			buildActionMask = 2147483647;
			files = (
				CC8F55472AAA59EF00C6918C /* SettingsView.swift in Sources */,
				CC7ABC6E2A686188005EB971 /* SignInView.swift in Sources */,
				CC7EB9372A8BFD7C00461665 /* AppTabController.swift in Sources */,
				CC7ABC772A6861BE005EB971 /* ChatLandingView.swift in Sources */,
				CCA8D9A32A6F049000DB9451 /* TextInputRules.swift in Sources */,
				CC7ABCAC2A686D25005EB971 /* Coordinator.swift in Sources */,
				CC8F9B362A85696E003847DD /* TwoButtonDialogBox.swift in Sources */,
				CC78558B2A9E7190002EE480 /* CustomNavigationBackButton.swift in Sources */,
				CC792E592A8AB065008771F2 /* ProfileCardView.swift in Sources */,
				CC8F9B382A856CB2003847DD /* ModalContainer.swift in Sources */,
				CC7EB93D2A8C02E700461665 /* ProfileCoordinator.swift in Sources */,
				CCA8D9AC2A6F089100DB9451 /* Checkbox.swift in Sources */,
				CC7ABC702A686192005EB971 /* RegisterView.swift in Sources */,
				CC7ABC722A68619D005EB971 /* ProfileView.swift in Sources */,
				CCA8D9A92A6F085F00DB9451 /* ButtonStyle.swift in Sources */,
				CC7ABC7A2A6861E2005EB971 /* LandingView.swift in Sources */,
				CCA8D9A52A6F051300DB9451 /* String+Extentions.swift in Sources */,
				CC7ABC9C2A6869C1005EB971 /* User+Extensions.swift in Sources */,
				CC7ABC752A6861B0005EB971 /* HomeView.swift in Sources */,
				CC6624082A8E8FA000DFAFA6 /* SearchBar.swift in Sources */,
				CC7EB93B2A8C02BD00461665 /* ChatCoordinator.swift in Sources */,
				CC8F554C2AAA615400C6918C /* ImagePicker.swift in Sources */,
				CC7ABC7D2A68622C005EB971 /* AuthenticationViewModel.swift in Sources */,
				CCA8D9AF2A6F089200DB9451 /* RoundedCorners.swift in Sources */,
				CC7ABCA82A686CE6005EB971 /* Colors.swift in Sources */,
				CC7ABC352A685FC7005EB971 /* ContentView.swift in Sources */,
				CC7EB9392A8C01C100461665 /* HomeCoordinator.swift in Sources */,
				CCA8D9A02A6EFDD700DB9451 /* DefaultTextInput.swift in Sources */,
				CC7ABC802A686249005EB971 /* User.swift in Sources */,
				CC66240B2A8EB21400DFAFA6 /* TabRow.swift in Sources */,
				CC7ABCAA2A686D0C005EB971 /* UIColor+Extensions.swift in Sources */,
				CC7ABCA72A686CE6005EB971 /* Typography.swift in Sources */,
				CCA98B982A9D1CAD003CCF97 /* SettingsRowView.swift in Sources */,
				CCA98B952A9D1A27003CCF97 /* PublicProfileView.swift in Sources */,
				CC8F9B3A2A856CDD003847DD /* OneButtonDialog.swift in Sources */,
				CC7ABC332A685FC7005EB971 /* AupiAppApp.swift in Sources */,
			);
			runOnlyForDeploymentPostprocessing = 0;
		};
		CC7ABC3C2A685FCA005EB971 /* Sources */ = {
			isa = PBXSourcesBuildPhase;
			buildActionMask = 2147483647;
			files = (
				CC7ABC452A685FCA005EB971 /* AupiAppTests.swift in Sources */,
			);
			runOnlyForDeploymentPostprocessing = 0;
		};
		CC7ABC462A685FCA005EB971 /* Sources */ = {
			isa = PBXSourcesBuildPhase;
			buildActionMask = 2147483647;
			files = (
				CC7ABC4F2A685FCA005EB971 /* AupiAppUITests.swift in Sources */,
				CC7ABC512A685FCA005EB971 /* AupiAppUITestsLaunchTests.swift in Sources */,
			);
			runOnlyForDeploymentPostprocessing = 0;
		};
/* End PBXSourcesBuildPhase section */

/* Begin PBXTargetDependency section */
		CC7ABC422A685FCA005EB971 /* PBXTargetDependency */ = {
			isa = PBXTargetDependency;
			target = CC7ABC2E2A685FC7005EB971 /* AupiApp */;
			targetProxy = CC7ABC412A685FCA005EB971 /* PBXContainerItemProxy */;
		};
		CC7ABC4C2A685FCA005EB971 /* PBXTargetDependency */ = {
			isa = PBXTargetDependency;
			target = CC7ABC2E2A685FC7005EB971 /* AupiApp */;
			targetProxy = CC7ABC4B2A685FCA005EB971 /* PBXContainerItemProxy */;
		};
/* End PBXTargetDependency section */

/* Begin XCBuildConfiguration section */
		CC7ABC522A685FCA005EB971 /* Debug */ = {
			isa = XCBuildConfiguration;
			buildSettings = {
				ALWAYS_SEARCH_USER_PATHS = NO;
				CLANG_ANALYZER_NONNULL = YES;
				CLANG_ANALYZER_NUMBER_OBJECT_CONVERSION = YES_AGGRESSIVE;
				CLANG_CXX_LANGUAGE_STANDARD = "gnu++20";
				CLANG_ENABLE_MODULES = YES;
				CLANG_ENABLE_OBJC_ARC = YES;
				CLANG_ENABLE_OBJC_WEAK = YES;
				CLANG_WARN_BLOCK_CAPTURE_AUTORELEASING = YES;
				CLANG_WARN_BOOL_CONVERSION = YES;
				CLANG_WARN_COMMA = YES;
				CLANG_WARN_CONSTANT_CONVERSION = YES;
				CLANG_WARN_DEPRECATED_OBJC_IMPLEMENTATIONS = YES;
				CLANG_WARN_DIRECT_OBJC_ISA_USAGE = YES_ERROR;
				CLANG_WARN_DOCUMENTATION_COMMENTS = YES;
				CLANG_WARN_EMPTY_BODY = YES;
				CLANG_WARN_ENUM_CONVERSION = YES;
				CLANG_WARN_INFINITE_RECURSION = YES;
				CLANG_WARN_INT_CONVERSION = YES;
				CLANG_WARN_NON_LITERAL_NULL_CONVERSION = YES;
				CLANG_WARN_OBJC_IMPLICIT_RETAIN_SELF = YES;
				CLANG_WARN_OBJC_LITERAL_CONVERSION = YES;
				CLANG_WARN_OBJC_ROOT_CLASS = YES_ERROR;
				CLANG_WARN_QUOTED_INCLUDE_IN_FRAMEWORK_HEADER = YES;
				CLANG_WARN_RANGE_LOOP_ANALYSIS = YES;
				CLANG_WARN_STRICT_PROTOTYPES = YES;
				CLANG_WARN_SUSPICIOUS_MOVE = YES;
				CLANG_WARN_UNGUARDED_AVAILABILITY = YES_AGGRESSIVE;
				CLANG_WARN_UNREACHABLE_CODE = YES;
				CLANG_WARN__DUPLICATE_METHOD_MATCH = YES;
				COPY_PHASE_STRIP = NO;
				DEBUG_INFORMATION_FORMAT = dwarf;
				ENABLE_STRICT_OBJC_MSGSEND = YES;
				ENABLE_TESTABILITY = YES;
				GCC_C_LANGUAGE_STANDARD = gnu11;
				GCC_DYNAMIC_NO_PIC = NO;
				GCC_NO_COMMON_BLOCKS = YES;
				GCC_OPTIMIZATION_LEVEL = 0;
				GCC_PREPROCESSOR_DEFINITIONS = (
					"DEBUG=1",
					"$(inherited)",
				);
				GCC_WARN_64_TO_32_BIT_CONVERSION = YES;
				GCC_WARN_ABOUT_RETURN_TYPE = YES_ERROR;
				GCC_WARN_UNDECLARED_SELECTOR = YES;
				GCC_WARN_UNINITIALIZED_AUTOS = YES_AGGRESSIVE;
				GCC_WARN_UNUSED_FUNCTION = YES;
				GCC_WARN_UNUSED_VARIABLE = YES;
				MTL_ENABLE_DEBUG_INFO = INCLUDE_SOURCE;
				MTL_FAST_MATH = YES;
				ONLY_ACTIVE_ARCH = YES;
				SWIFT_ACTIVE_COMPILATION_CONDITIONS = DEBUG;
				SWIFT_OPTIMIZATION_LEVEL = "-Onone";
			};
			name = Debug;
		};
		CC7ABC532A685FCA005EB971 /* Release */ = {
			isa = XCBuildConfiguration;
			buildSettings = {
				ALWAYS_SEARCH_USER_PATHS = NO;
				CLANG_ANALYZER_NONNULL = YES;
				CLANG_ANALYZER_NUMBER_OBJECT_CONVERSION = YES_AGGRESSIVE;
				CLANG_CXX_LANGUAGE_STANDARD = "gnu++20";
				CLANG_ENABLE_MODULES = YES;
				CLANG_ENABLE_OBJC_ARC = YES;
				CLANG_ENABLE_OBJC_WEAK = YES;
				CLANG_WARN_BLOCK_CAPTURE_AUTORELEASING = YES;
				CLANG_WARN_BOOL_CONVERSION = YES;
				CLANG_WARN_COMMA = YES;
				CLANG_WARN_CONSTANT_CONVERSION = YES;
				CLANG_WARN_DEPRECATED_OBJC_IMPLEMENTATIONS = YES;
				CLANG_WARN_DIRECT_OBJC_ISA_USAGE = YES_ERROR;
				CLANG_WARN_DOCUMENTATION_COMMENTS = YES;
				CLANG_WARN_EMPTY_BODY = YES;
				CLANG_WARN_ENUM_CONVERSION = YES;
				CLANG_WARN_INFINITE_RECURSION = YES;
				CLANG_WARN_INT_CONVERSION = YES;
				CLANG_WARN_NON_LITERAL_NULL_CONVERSION = YES;
				CLANG_WARN_OBJC_IMPLICIT_RETAIN_SELF = YES;
				CLANG_WARN_OBJC_LITERAL_CONVERSION = YES;
				CLANG_WARN_OBJC_ROOT_CLASS = YES_ERROR;
				CLANG_WARN_QUOTED_INCLUDE_IN_FRAMEWORK_HEADER = YES;
				CLANG_WARN_RANGE_LOOP_ANALYSIS = YES;
				CLANG_WARN_STRICT_PROTOTYPES = YES;
				CLANG_WARN_SUSPICIOUS_MOVE = YES;
				CLANG_WARN_UNGUARDED_AVAILABILITY = YES_AGGRESSIVE;
				CLANG_WARN_UNREACHABLE_CODE = YES;
				CLANG_WARN__DUPLICATE_METHOD_MATCH = YES;
				COPY_PHASE_STRIP = NO;
				DEBUG_INFORMATION_FORMAT = "dwarf-with-dsym";
				ENABLE_NS_ASSERTIONS = NO;
				ENABLE_STRICT_OBJC_MSGSEND = YES;
				GCC_C_LANGUAGE_STANDARD = gnu11;
				GCC_NO_COMMON_BLOCKS = YES;
				GCC_WARN_64_TO_32_BIT_CONVERSION = YES;
				GCC_WARN_ABOUT_RETURN_TYPE = YES_ERROR;
				GCC_WARN_UNDECLARED_SELECTOR = YES;
				GCC_WARN_UNINITIALIZED_AUTOS = YES_AGGRESSIVE;
				GCC_WARN_UNUSED_FUNCTION = YES;
				GCC_WARN_UNUSED_VARIABLE = YES;
				MTL_ENABLE_DEBUG_INFO = NO;
				MTL_FAST_MATH = YES;
				SWIFT_COMPILATION_MODE = wholemodule;
				SWIFT_OPTIMIZATION_LEVEL = "-O";
			};
			name = Release;
		};
		CC7ABC552A685FCA005EB971 /* Debug */ = {
			isa = XCBuildConfiguration;
			buildSettings = {
				ASSETCATALOG_COMPILER_APPICON_NAME = AppIcon;
				ASSETCATALOG_COMPILER_GLOBAL_ACCENT_COLOR_NAME = AccentColor;
				CODE_SIGN_ENTITLEMENTS = AupiApp/AupiApp.entitlements;
				CODE_SIGN_STYLE = Automatic;
				CURRENT_PROJECT_VERSION = 1;
				DEVELOPMENT_ASSET_PATHS = "\"AupiApp/Preview Content\"";
				DEVELOPMENT_TEAM = 9CN76SFR9N;
				ENABLE_PREVIEWS = YES;
				GENERATE_INFOPLIST_FILE = YES;
				INFOPLIST_FILE = AupiApp/Info.plist;
				INFOPLIST_KEY_NSCameraUsageDescription = "";
				"INFOPLIST_KEY_UIApplicationSceneManifest_Generation[sdk=iphoneos*]" = YES;
				"INFOPLIST_KEY_UIApplicationSceneManifest_Generation[sdk=iphonesimulator*]" = YES;
				"INFOPLIST_KEY_UIApplicationSupportsIndirectInputEvents[sdk=iphoneos*]" = YES;
				"INFOPLIST_KEY_UIApplicationSupportsIndirectInputEvents[sdk=iphonesimulator*]" = YES;
				"INFOPLIST_KEY_UILaunchScreen_Generation[sdk=iphoneos*]" = YES;
				"INFOPLIST_KEY_UILaunchScreen_Generation[sdk=iphonesimulator*]" = YES;
				"INFOPLIST_KEY_UIStatusBarStyle[sdk=iphoneos*]" = UIStatusBarStyleDefault;
				"INFOPLIST_KEY_UIStatusBarStyle[sdk=iphonesimulator*]" = UIStatusBarStyleDefault;
				INFOPLIST_KEY_UISupportedInterfaceOrientations_iPad = "UIInterfaceOrientationPortrait UIInterfaceOrientationPortraitUpsideDown UIInterfaceOrientationLandscapeLeft UIInterfaceOrientationLandscapeRight";
				INFOPLIST_KEY_UISupportedInterfaceOrientations_iPhone = "UIInterfaceOrientationPortrait UIInterfaceOrientationLandscapeLeft UIInterfaceOrientationLandscapeRight";
				IPHONEOS_DEPLOYMENT_TARGET = 16.2;
				LD_RUNPATH_SEARCH_PATHS = "@executable_path/Frameworks";
				"LD_RUNPATH_SEARCH_PATHS[sdk=macosx*]" = "@executable_path/../Frameworks";
				MACOSX_DEPLOYMENT_TARGET = 12.6;
				MARKETING_VERSION = 1.0;
				PRODUCT_BUNDLE_IDENTIFIER = com.katherinechambers.AupiApp;
				PRODUCT_NAME = "$(TARGET_NAME)";
				SDKROOT = auto;
				SUPPORTED_PLATFORMS = "iphoneos iphonesimulator macosx";
				SWIFT_EMIT_LOC_STRINGS = YES;
				SWIFT_VERSION = 5.0;
				TARGETED_DEVICE_FAMILY = "1,2";
			};
			name = Debug;
		};
		CC7ABC562A685FCA005EB971 /* Release */ = {
			isa = XCBuildConfiguration;
			buildSettings = {
				ASSETCATALOG_COMPILER_APPICON_NAME = AppIcon;
				ASSETCATALOG_COMPILER_GLOBAL_ACCENT_COLOR_NAME = AccentColor;
				CODE_SIGN_ENTITLEMENTS = AupiApp/AupiApp.entitlements;
				CODE_SIGN_STYLE = Automatic;
				CURRENT_PROJECT_VERSION = 1;
				DEVELOPMENT_ASSET_PATHS = "\"AupiApp/Preview Content\"";
				DEVELOPMENT_TEAM = 9CN76SFR9N;
				ENABLE_PREVIEWS = YES;
				GENERATE_INFOPLIST_FILE = YES;
				INFOPLIST_FILE = AupiApp/Info.plist;
				INFOPLIST_KEY_NSCameraUsageDescription = "";
				"INFOPLIST_KEY_UIApplicationSceneManifest_Generation[sdk=iphoneos*]" = YES;
				"INFOPLIST_KEY_UIApplicationSceneManifest_Generation[sdk=iphonesimulator*]" = YES;
				"INFOPLIST_KEY_UIApplicationSupportsIndirectInputEvents[sdk=iphoneos*]" = YES;
				"INFOPLIST_KEY_UIApplicationSupportsIndirectInputEvents[sdk=iphonesimulator*]" = YES;
				"INFOPLIST_KEY_UILaunchScreen_Generation[sdk=iphoneos*]" = YES;
				"INFOPLIST_KEY_UILaunchScreen_Generation[sdk=iphonesimulator*]" = YES;
				"INFOPLIST_KEY_UIStatusBarStyle[sdk=iphoneos*]" = UIStatusBarStyleDefault;
				"INFOPLIST_KEY_UIStatusBarStyle[sdk=iphonesimulator*]" = UIStatusBarStyleDefault;
				INFOPLIST_KEY_UISupportedInterfaceOrientations_iPad = "UIInterfaceOrientationPortrait UIInterfaceOrientationPortraitUpsideDown UIInterfaceOrientationLandscapeLeft UIInterfaceOrientationLandscapeRight";
				INFOPLIST_KEY_UISupportedInterfaceOrientations_iPhone = "UIInterfaceOrientationPortrait UIInterfaceOrientationLandscapeLeft UIInterfaceOrientationLandscapeRight";
				IPHONEOS_DEPLOYMENT_TARGET = 16.2;
				LD_RUNPATH_SEARCH_PATHS = "@executable_path/Frameworks";
				"LD_RUNPATH_SEARCH_PATHS[sdk=macosx*]" = "@executable_path/../Frameworks";
				MACOSX_DEPLOYMENT_TARGET = 12.6;
				MARKETING_VERSION = 1.0;
				PRODUCT_BUNDLE_IDENTIFIER = com.katherinechambers.AupiApp;
				PRODUCT_NAME = "$(TARGET_NAME)";
				SDKROOT = auto;
				SUPPORTED_PLATFORMS = "iphoneos iphonesimulator macosx";
				SWIFT_EMIT_LOC_STRINGS = YES;
				SWIFT_VERSION = 5.0;
				TARGETED_DEVICE_FAMILY = "1,2";
			};
			name = Release;
		};
		CC7ABC582A685FCA005EB971 /* Debug */ = {
			isa = XCBuildConfiguration;
			buildSettings = {
				ALWAYS_EMBED_SWIFT_STANDARD_LIBRARIES = YES;
				BUNDLE_LOADER = "$(TEST_HOST)";
				CODE_SIGN_STYLE = Automatic;
				CURRENT_PROJECT_VERSION = 1;
				GENERATE_INFOPLIST_FILE = YES;
				IPHONEOS_DEPLOYMENT_TARGET = 16.2;
				MACOSX_DEPLOYMENT_TARGET = 12.6;
				MARKETING_VERSION = 1.0;
				PRODUCT_BUNDLE_IDENTIFIER = com.katherinechambers.AupiAppTests;
				PRODUCT_NAME = "$(TARGET_NAME)";
				SDKROOT = auto;
				SUPPORTED_PLATFORMS = "iphoneos iphonesimulator macosx";
				SWIFT_EMIT_LOC_STRINGS = NO;
				SWIFT_VERSION = 5.0;
				TARGETED_DEVICE_FAMILY = "1,2";
				TEST_HOST = "$(BUILT_PRODUCTS_DIR)/AupiApp.app/$(BUNDLE_EXECUTABLE_FOLDER_PATH)/AupiApp";
			};
			name = Debug;
		};
		CC7ABC592A685FCA005EB971 /* Release */ = {
			isa = XCBuildConfiguration;
			buildSettings = {
				ALWAYS_EMBED_SWIFT_STANDARD_LIBRARIES = YES;
				BUNDLE_LOADER = "$(TEST_HOST)";
				CODE_SIGN_STYLE = Automatic;
				CURRENT_PROJECT_VERSION = 1;
				GENERATE_INFOPLIST_FILE = YES;
				IPHONEOS_DEPLOYMENT_TARGET = 16.2;
				MACOSX_DEPLOYMENT_TARGET = 12.6;
				MARKETING_VERSION = 1.0;
				PRODUCT_BUNDLE_IDENTIFIER = com.katherinechambers.AupiAppTests;
				PRODUCT_NAME = "$(TARGET_NAME)";
				SDKROOT = auto;
				SUPPORTED_PLATFORMS = "iphoneos iphonesimulator macosx";
				SWIFT_EMIT_LOC_STRINGS = NO;
				SWIFT_VERSION = 5.0;
				TARGETED_DEVICE_FAMILY = "1,2";
				TEST_HOST = "$(BUILT_PRODUCTS_DIR)/AupiApp.app/$(BUNDLE_EXECUTABLE_FOLDER_PATH)/AupiApp";
			};
			name = Release;
		};
		CC7ABC5B2A685FCA005EB971 /* Debug */ = {
			isa = XCBuildConfiguration;
			buildSettings = {
				ALWAYS_EMBED_SWIFT_STANDARD_LIBRARIES = YES;
				CODE_SIGN_STYLE = Automatic;
				CURRENT_PROJECT_VERSION = 1;
				GENERATE_INFOPLIST_FILE = YES;
				IPHONEOS_DEPLOYMENT_TARGET = 16.2;
				MACOSX_DEPLOYMENT_TARGET = 12.6;
				MARKETING_VERSION = 1.0;
				PRODUCT_BUNDLE_IDENTIFIER = com.katherinechambers.AupiAppUITests;
				PRODUCT_NAME = "$(TARGET_NAME)";
				SDKROOT = auto;
				SUPPORTED_PLATFORMS = "iphoneos iphonesimulator macosx";
				SWIFT_EMIT_LOC_STRINGS = NO;
				SWIFT_VERSION = 5.0;
				TARGETED_DEVICE_FAMILY = "1,2";
				TEST_TARGET_NAME = AupiApp;
			};
			name = Debug;
		};
		CC7ABC5C2A685FCA005EB971 /* Release */ = {
			isa = XCBuildConfiguration;
			buildSettings = {
				ALWAYS_EMBED_SWIFT_STANDARD_LIBRARIES = YES;
				CODE_SIGN_STYLE = Automatic;
				CURRENT_PROJECT_VERSION = 1;
				GENERATE_INFOPLIST_FILE = YES;
				IPHONEOS_DEPLOYMENT_TARGET = 16.2;
				MACOSX_DEPLOYMENT_TARGET = 12.6;
				MARKETING_VERSION = 1.0;
				PRODUCT_BUNDLE_IDENTIFIER = com.katherinechambers.AupiAppUITests;
				PRODUCT_NAME = "$(TARGET_NAME)";
				SDKROOT = auto;
				SUPPORTED_PLATFORMS = "iphoneos iphonesimulator macosx";
				SWIFT_EMIT_LOC_STRINGS = NO;
				SWIFT_VERSION = 5.0;
				TARGETED_DEVICE_FAMILY = "1,2";
				TEST_TARGET_NAME = AupiApp;
			};
			name = Release;
		};
/* End XCBuildConfiguration section */

/* Begin XCConfigurationList section */
		CC7ABC2A2A685FC7005EB971 /* Build configuration list for PBXProject "AupiApp" */ = {
			isa = XCConfigurationList;
			buildConfigurations = (
				CC7ABC522A685FCA005EB971 /* Debug */,
				CC7ABC532A685FCA005EB971 /* Release */,
			);
			defaultConfigurationIsVisible = 0;
			defaultConfigurationName = Release;
		};
		CC7ABC542A685FCA005EB971 /* Build configuration list for PBXNativeTarget "AupiApp" */ = {
			isa = XCConfigurationList;
			buildConfigurations = (
				CC7ABC552A685FCA005EB971 /* Debug */,
				CC7ABC562A685FCA005EB971 /* Release */,
			);
			defaultConfigurationIsVisible = 0;
			defaultConfigurationName = Release;
		};
		CC7ABC572A685FCA005EB971 /* Build configuration list for PBXNativeTarget "AupiAppTests" */ = {
			isa = XCConfigurationList;
			buildConfigurations = (
				CC7ABC582A685FCA005EB971 /* Debug */,
				CC7ABC592A685FCA005EB971 /* Release */,
			);
			defaultConfigurationIsVisible = 0;
			defaultConfigurationName = Release;
		};
		CC7ABC5A2A685FCA005EB971 /* Build configuration list for PBXNativeTarget "AupiAppUITests" */ = {
			isa = XCConfigurationList;
			buildConfigurations = (
				CC7ABC5B2A685FCA005EB971 /* Debug */,
				CC7ABC5C2A685FCA005EB971 /* Release */,
			);
			defaultConfigurationIsVisible = 0;
			defaultConfigurationName = Release;
		};
/* End XCConfigurationList section */

/* Begin XCRemoteSwiftPackageReference section */
		CC7ABC812A68633E005EB971 /* XCRemoteSwiftPackageReference "firebase-ios-sdk" */ = {
			isa = XCRemoteSwiftPackageReference;
			repositoryURL = "https://github.com/firebase/firebase-ios-sdk.git";
			requirement = {
				kind = upToNextMajorVersion;
				minimumVersion = 9.0.0;
			};
		};
		CC8F554D2AAA69C100C6918C /* XCRemoteSwiftPackageReference "Kingfisher" */ = {
			isa = XCRemoteSwiftPackageReference;
			repositoryURL = "https://github.com/onevcat/Kingfisher";
			requirement = {
				kind = upToNextMajorVersion;
				minimumVersion = 7.0.0;
			};
		};
/* End XCRemoteSwiftPackageReference section */

/* Begin XCSwiftPackageProductDependency section */
		CC7ABC822A68633E005EB971 /* FirebaseAuth */ = {
			isa = XCSwiftPackageProductDependency;
			package = CC7ABC812A68633E005EB971 /* XCRemoteSwiftPackageReference "firebase-ios-sdk" */;
			productName = FirebaseAuth;
		};
		CC7ABC842A68633E005EB971 /* FirebaseDatabase */ = {
			isa = XCSwiftPackageProductDependency;
			package = CC7ABC812A68633E005EB971 /* XCRemoteSwiftPackageReference "firebase-ios-sdk" */;
			productName = FirebaseDatabase;
		};
		CC7ABC862A68633E005EB971 /* FirebaseDatabaseSwift */ = {
			isa = XCSwiftPackageProductDependency;
			package = CC7ABC812A68633E005EB971 /* XCRemoteSwiftPackageReference "firebase-ios-sdk" */;
			productName = FirebaseDatabaseSwift;
		};
		CC7ABC882A68633E005EB971 /* FirebaseFirestore */ = {
			isa = XCSwiftPackageProductDependency;
			package = CC7ABC812A68633E005EB971 /* XCRemoteSwiftPackageReference "firebase-ios-sdk" */;
			productName = FirebaseFirestore;
		};
		CC7ABC8A2A68633E005EB971 /* FirebaseFirestoreSwift */ = {
			isa = XCSwiftPackageProductDependency;
			package = CC7ABC812A68633E005EB971 /* XCRemoteSwiftPackageReference "firebase-ios-sdk" */;
			productName = FirebaseFirestoreSwift;
		};
		CC7ABC8C2A68633E005EB971 /* FirebaseInAppMessaging-Beta */ = {
			isa = XCSwiftPackageProductDependency;
			package = CC7ABC812A68633E005EB971 /* XCRemoteSwiftPackageReference "firebase-ios-sdk" */;
			productName = "FirebaseInAppMessaging-Beta";
		};
		CC7ABC8E2A68633E005EB971 /* FirebaseInAppMessagingSwift-Beta */ = {
			isa = XCSwiftPackageProductDependency;
			package = CC7ABC812A68633E005EB971 /* XCRemoteSwiftPackageReference "firebase-ios-sdk" */;
			productName = "FirebaseInAppMessagingSwift-Beta";
		};
		CC7ABC902A68633E005EB971 /* FirebaseMessaging */ = {
			isa = XCSwiftPackageProductDependency;
			package = CC7ABC812A68633E005EB971 /* XCRemoteSwiftPackageReference "firebase-ios-sdk" */;
			productName = FirebaseMessaging;
		};
		CC7ABC922A68633E005EB971 /* FirebaseStorage */ = {
			isa = XCSwiftPackageProductDependency;
			package = CC7ABC812A68633E005EB971 /* XCRemoteSwiftPackageReference "firebase-ios-sdk" */;
			productName = FirebaseStorage;
		};
		CC8F554E2AAA69C200C6918C /* Kingfisher */ = {
			isa = XCSwiftPackageProductDependency;
			package = CC8F554D2AAA69C100C6918C /* XCRemoteSwiftPackageReference "Kingfisher" */;
			productName = Kingfisher;
		};
/* End XCSwiftPackageProductDependency section */
	};
	rootObject = CC7ABC272A685FC7005EB971 /* Project object */;
}
